
Microsoft Visual Studio Solution File, Format Version 12.00
# Visual Studio Version 17
VisualStudioVersion = 17.10.35013.160
MinimumVisualStudioVersion = 10.0.40219.1
Project("{9A19103F-16F7-4668-BE54-9A1E7A4F7556}") = "Identity.API", "Identity.API\Identity.API.csproj", "{B3D63003-825A-495F-BBB5-20CA84A1E335}"
EndProject
Project("{9A19103F-16F7-4668-BE54-9A1E7A4F7556}") = "Streaming-Micrsoservices.AppHost", "Streaming-Micrsoservices.AppHost\Streaming-Micrsoservices.AppHost.csproj", "{0A894888-49DC-4DE8-A0E9-E546BA7B2D1F}"
EndProject
Project("{9A19103F-16F7-4668-BE54-9A1E7A4F7556}") = "Streaming-Micrsoservices.ServiceDefaults", "Streaming-Micrsoservices.ServiceDefaults\Streaming-Micrsoservices.ServiceDefaults.csproj", "{9ABE199C-A067-4F2D-B862-18BD62694E6C}"
EndProject
Project("{2150E333-8FDC-42A3-9474-1A3956D46DE8}") = "Solution Items", "Solution Items", "{9D5716EE-97C6-4CA5-BF48-6FAD0BD48864}"
	ProjectSection(SolutionItems) = preProject
		Directory.Packages.props = Directory.Packages.props
	EndProjectSection
EndProject
Global
	GlobalSection(SolutionConfigurationPlatforms) = preSolution
		Debug|Any CPU = Debug|Any CPU
		Release|Any CPU = Release|Any CPU
	EndGlobalSection
	GlobalSection(ProjectConfigurationPlatforms) = postSolution
		{B3D63003-825A-495F-BBB5-20CA84A1E335}.Debug|Any CPU.ActiveCfg = Debug|Any CPU
		{B3D63003-825A-495F-BBB5-20CA84A1E335}.Debug|Any CPU.Build.0 = Debug|Any CPU
		{B3D63003-825A-495F-BBB5-20CA84A1E335}.Release|Any CPU.ActiveCfg = Release|Any CPU
		{B3D63003-825A-495F-BBB5-20CA84A1E335}.Release|Any CPU.Build.0 = Release|Any CPU
		{0A894888-49DC-4DE8-A0E9-E546BA7B2D1F}.Debug|Any CPU.ActiveCfg = Debug|Any CPU
		{0A894888-49DC-4DE8-A0E9-E546BA7B2D1F}.Debug|Any CPU.Build.0 = Debug|Any CPU
		{0A894888-49DC-4DE8-A0E9-E546BA7B2D1F}.Release|Any CPU.ActiveCfg = Release|Any CPU
		{0A894888-49DC-4DE8-A0E9-E546BA7B2D1F}.Release|Any CPU.Build.0 = Release|Any CPU
		{9ABE199C-A067-4F2D-B862-18BD62694E6C}.Debug|Any CPU.ActiveCfg = Debug|Any CPU
		{9ABE199C-A067-4F2D-B862-18BD62694E6C}.Debug|Any CPU.Build.0 = Debug|Any CPU
		{9ABE199C-A067-4F2D-B862-18BD62694E6C}.Release|Any CPU.ActiveCfg = Release|Any CPU
		{9ABE199C-A067-4F2D-B862-18BD62694E6C}.Release|Any CPU.Build.0 = Release|Any CPU
	EndGlobalSection
	GlobalSection(SolutionProperties) = preSolution
		HideSolutionNode = FALSE
	EndGlobalSection
	GlobalSection(ExtensibilityGlobals) = postSolution
		SolutionGuid = {6414A75F-0D7E-4F3E-89A4-A37B99CBDCA1}
	EndGlobalSection
EndGlobal
